
Microsoft Visual Studio Solution File, Format Version 12.00
# Visual Studio Version 16
VisualStudioVersion = 16.0.30503.244
MinimumVisualStudioVersion = 10.0.40219.1
Project("{8BC9CEB8-8B4A-11D0-8D11-00A0C91BC942}") = "DM_Laab1", "DM_Laab1\DM_Laab1.vcxproj", "{26099D5D-42B4-4D68-99B7-2E2BD2D67DD4}"
EndProject
Global
	GlobalSection(SolutionConfigurationPlatforms) = preSolution
		Debug|x64 = Debug|x64
		Debug|x86 = Debug|x86
		Release|x64 = Release|x64
		Release|x86 = Release|x86
	EndGlobalSection
	GlobalSection(ProjectConfigurationPlatforms) = postSolution
		{26099D5D-42B4-4D68-99B7-2E2BD2D67DD4}.Debug|x64.ActiveCfg = Debug|x64
		{26099D5D-42B4-4D68-99B7-2E2BD2D67DD4}.Debug|x64.Build.0 = Debug|x64
		{26099D5D-42B4-4D68-99B7-2E2BD2D67DD4}.Debug|x86.ActiveCfg = Debug|Win32
		{26099D5D-42B4-4D68-99B7-2E2BD2D67DD4}.Debug|x86.Build.0 = Debug|Win32
		{26099D5D-42B4-4D68-99B7-2E2BD2D67DD4}.Release|x64.ActiveCfg = Release|x64
		{26099D5D-42B4-4D68-99B7-2E2BD2D67DD4}.Release|x64.Build.0 = Release|x64
		{26099D5D-42B4-4D68-99B7-2E2BD2D67DD4}.Release|x86.ActiveCfg = Release|Win32
		{26099D5D-42B4-4D68-99B7-2E2BD2D67DD4}.Release|x86.Build.0 = Release|Win32
	EndGlobalSection
	GlobalSection(SolutionProperties) = preSolution
		HideSolutionNode = FALSE
	EndGlobalSection
	GlobalSection(ExtensibilityGlobals) = postSolution
		SolutionGuid = {DF92BA8B-B7E9-408A-B24E-158AFA28C0B0}
	EndGlobalSection
EndGlobal
